
Microsoft Visual Studio Solution File, Format Version 12.00
# Visual Studio Version 17
VisualStudioVersion = 17.0.31903.59
MinimumVisualStudioVersion = 10.0.40219.1
Project("{FAE04EC0-301F-11D3-BF4B-00C04F79EFBC}") = "Discoteque.API", "Discoteque.API\Discoteque.API.csproj", "{3580EE2E-250C-4E7F-8F4D-2B36F4381474}"
EndProject
Project("{FAE04EC0-301F-11D3-BF4B-00C04F79EFBC}") = "Discoteque.Business", "Discoteque.Business\Discoteque.Business.csproj", "{AFB742D5-A37E-4668-9691-FC84B232C67A}"
EndProject
Project("{FAE04EC0-301F-11D3-BF4B-00C04F79EFBC}") = "Discoteque.Data", "Discoteque.Data\Discoteque.Data.csproj", "{6CF205C2-8796-4724-8C58-D0E5354F28F8}"
EndProject
Global
	GlobalSection(SolutionConfigurationPlatforms) = preSolution
		Debug|Any CPU = Debug|Any CPU
		Release|Any CPU = Release|Any CPU
	EndGlobalSection
	GlobalSection(SolutionProperties) = preSolution
		HideSolutionNode = FALSE
	EndGlobalSection
	GlobalSection(ProjectConfigurationPlatforms) = postSolution
		{3580EE2E-250C-4E7F-8F4D-2B36F4381474}.Debug|Any CPU.ActiveCfg = Debug|Any CPU
		{3580EE2E-250C-4E7F-8F4D-2B36F4381474}.Debug|Any CPU.Build.0 = Debug|Any CPU
		{3580EE2E-250C-4E7F-8F4D-2B36F4381474}.Release|Any CPU.ActiveCfg = Release|Any CPU
		{3580EE2E-250C-4E7F-8F4D-2B36F4381474}.Release|Any CPU.Build.0 = Release|Any CPU
		{AFB742D5-A37E-4668-9691-FC84B232C67A}.Debug|Any CPU.ActiveCfg = Debug|Any CPU
		{AFB742D5-A37E-4668-9691-FC84B232C67A}.Debug|Any CPU.Build.0 = Debug|Any CPU
		{AFB742D5-A37E-4668-9691-FC84B232C67A}.Release|Any CPU.ActiveCfg = Release|Any CPU
		{AFB742D5-A37E-4668-9691-FC84B232C67A}.Release|Any CPU.Build.0 = Release|Any CPU
		{6CF205C2-8796-4724-8C58-D0E5354F28F8}.Debug|Any CPU.ActiveCfg = Debug|Any CPU
		{6CF205C2-8796-4724-8C58-D0E5354F28F8}.Debug|Any CPU.Build.0 = Debug|Any CPU
		{6CF205C2-8796-4724-8C58-D0E5354F28F8}.Release|Any CPU.ActiveCfg = Release|Any CPU
		{6CF205C2-8796-4724-8C58-D0E5354F28F8}.Release|Any CPU.Build.0 = Release|Any CPU
	EndGlobalSection
EndGlobal
